
Microsoft Visual Studio Solution File, Format Version 12.00
# Visual Studio Version 16
VisualStudioVersion = 16.0.31424.327
MinimumVisualStudioVersion = 10.0.40219.1
Project("{FAE04EC0-301F-11D3-BF4B-00C04F79EFBC}") = "FrameWork", "BaseRepository\FrameWork.csproj", "{FD089EF5-1B1C-4305-9573-F30612DAD8B2}"
EndProject
Global
	GlobalSection(SolutionConfigurationPlatforms) = preSolution
		Debug|Any CPU = Debug|Any CPU
		Release|Any CPU = Release|Any CPU
	EndGlobalSection
	GlobalSection(ProjectConfigurationPlatforms) = postSolution
		{FD089EF5-1B1C-4305-9573-F30612DAD8B2}.Debug|Any CPU.ActiveCfg = Debug|Any CPU
		{FD089EF5-1B1C-4305-9573-F30612DAD8B2}.Debug|Any CPU.Build.0 = Debug|Any CPU
		{FD089EF5-1B1C-4305-9573-F30612DAD8B2}.Release|Any CPU.ActiveCfg = Release|Any CPU
		{FD089EF5-1B1C-4305-9573-F30612DAD8B2}.Release|Any CPU.Build.0 = Release|Any CPU
	EndGlobalSection
	GlobalSection(SolutionProperties) = preSolution
		HideSolutionNode = FALSE
	EndGlobalSection
	GlobalSection(ExtensibilityGlobals) = postSolution
		SolutionGuid = {17C8F2B3-7EC9-476B-8B8A-32362D0A5CAB}
	EndGlobalSection
EndGlobal
